
Microsoft Visual Studio Solution File, Format Version 12.00
# Visual Studio 2012
Project("{FAE04EC0-301F-11D3-BF4B-00C04F79EFBC}") = "Eventbrite", "Eventbrite\Eventbrite.csproj", "{4704E23D-8EE9-48E9-B63B-C80BB5AACA47}"
EndProject
Project("{FAE04EC0-301F-11D3-BF4B-00C04F79EFBC}") = "TES.Integration.Eventbrite", "TES.Integration.Eventbrite\TES.Integration.Eventbrite.csproj", "{814BA06C-A05E-4B23-A388-6B89FA5AE3D8}"
EndProject
Project("{FAE04EC0-301F-11D3-BF4B-00C04F79EFBC}") = "TES.Integration.Template", "TES.Integration.Template\TES.Integration.Template.csproj", "{AF5C49EB-4112-47B6-9607-78E8693375D6}"
EndProject
Global
	GlobalSection(SolutionConfigurationPlatforms) = preSolution
		Debug|Any CPU = Debug|Any CPU
		Release|Any CPU = Release|Any CPU
	EndGlobalSection
	GlobalSection(ProjectConfigurationPlatforms) = postSolution
		{4704E23D-8EE9-48E9-B63B-C80BB5AACA47}.Debug|Any CPU.ActiveCfg = Debug|Any CPU
		{4704E23D-8EE9-48E9-B63B-C80BB5AACA47}.Debug|Any CPU.Build.0 = Debug|Any CPU
		{4704E23D-8EE9-48E9-B63B-C80BB5AACA47}.Release|Any CPU.ActiveCfg = Release|Any CPU
		{4704E23D-8EE9-48E9-B63B-C80BB5AACA47}.Release|Any CPU.Build.0 = Release|Any CPU
		{814BA06C-A05E-4B23-A388-6B89FA5AE3D8}.Debug|Any CPU.ActiveCfg = Debug|Any CPU
		{814BA06C-A05E-4B23-A388-6B89FA5AE3D8}.Debug|Any CPU.Build.0 = Debug|Any CPU
		{814BA06C-A05E-4B23-A388-6B89FA5AE3D8}.Release|Any CPU.ActiveCfg = Release|Any CPU
		{814BA06C-A05E-4B23-A388-6B89FA5AE3D8}.Release|Any CPU.Build.0 = Release|Any CPU
		{AF5C49EB-4112-47B6-9607-78E8693375D6}.Debug|Any CPU.ActiveCfg = Debug|Any CPU
		{AF5C49EB-4112-47B6-9607-78E8693375D6}.Debug|Any CPU.Build.0 = Debug|Any CPU
		{AF5C49EB-4112-47B6-9607-78E8693375D6}.Release|Any CPU.ActiveCfg = Release|Any CPU
		{AF5C49EB-4112-47B6-9607-78E8693375D6}.Release|Any CPU.Build.0 = Release|Any CPU
	EndGlobalSection
	GlobalSection(SolutionProperties) = preSolution
		HideSolutionNode = FALSE
	EndGlobalSection
EndGlobal
